dependencies:
- name: redis
  repository: https://charts.bitnami.com/bitnami
  version: 17.3.14
- name: postgresql
  repository: https://charts.bitnami.com/bitnami
  version: 15.5.15
- name: elasticsearch
  repository: https://charts.bitnami.com/bitnami
  version: 19.5.6
digest: sha256:33b5ffedb32b3cd7ba0f4cbd825843ec42c07fc0daf7525c4cf0a4a50673baf0
generated: "2024-12-05T13:50:04.303372+02:00"
